// !$*UTF8*$!
{
	archiveVersion = 1;
	classes = {
	};
	objectVersion = 51;
	objects = {

/* Begin PBXBuildFile section */
		0EAA2C0221BA553100857895 /* AppDelegate.swift in Sources */ = {isa = PBXBuildFile; fileRef = 0EAA2C0121BA553100857895 /* AppDelegate.swift */; };
		0EAA2C0421BA553100857895 /* ViewController.swift in Sources */ = {isa = PBXBuildFile; fileRef = 0EAA2C0321BA553100857895 /* ViewController.swift */; };
		0EAA2C0721BA553100857895 /* Main.storyboard in Resources */ = {isa = PBXBuildFile; fileRef = 0EAA2C0521BA553100857895 /* Main.storyboard */; };
		0EAA2C0921BA553300857895 /* Assets.xcassets in Resources */ = {isa = PBXBuildFile; fileRef = 0EAA2C0821BA553300857895 /* Assets.xcassets */; };
		0EAA2C0C21BA553300857895 /* LaunchScreen.storyboard in Resources */ = {isa = PBXBuildFile; fileRef = 0EAA2C0A21BA553300857895 /* LaunchScreen.storyboard */; };
		0EAA2C1D21BA57E000857895 /* Fabric.framework in Frameworks */ = {isa = PBXBuildFile; fileRef = 0EAA2C1B21BA57E000857895 /* Fabric.framework */; };
		0EAA2C1E21BA57E000857895 /* Crashlytics.framework in Frameworks */ = {isa = PBXBuildFile; fileRef = 0EAA2C1C21BA57E000857895 /* Crashlytics.framework */; };
		0EAA2C2221BA5B8000857895 /* GoogleService-Info.plist in Resources */ = {isa = PBXBuildFile; fileRef = 0EAA2C2121BA5B8000857895 /* GoogleService-Info.plist */; };
		0EAA2C2D21BA5D9B00857895 /* GoogleAppMeasurement.framework in Frameworks */ = {isa = PBXBuildFile; fileRef = 0EAA2C2521BA5D9A00857895 /* GoogleAppMeasurement.framework */; };
		0EAA2C2E21BA5D9B00857895 /* FirebaseCore.framework in Frameworks */ = {isa = PBXBuildFile; fileRef = 0EAA2C2621BA5D9A00857895 /* FirebaseCore.framework */; };
		0EAA2C2F21BA5D9B00857895 /* FirebaseAnalytics.framework in Frameworks */ = {isa = PBXBuildFile; fileRef = 0EAA2C2721BA5D9A00857895 /* FirebaseAnalytics.framework */; };
		0EAA2C3021BA5D9B00857895 /* GoogleUtilities.framework in Frameworks */ = {isa = PBXBuildFile; fileRef = 0EAA2C2821BA5D9A00857895 /* GoogleUtilities.framework */; };
		0EAA2C3121BA5D9B00857895 /* nanopb.framework in Frameworks */ = {isa = PBXBuildFile; fileRef = 0EAA2C2921BA5D9A00857895 /* nanopb.framework */; };
		0EAA2C3221BA5D9B00857895 /* FIRAnalyticsConnector.framework in Frameworks */ = {isa = PBXBuildFile; fileRef = 0EAA2C2A21BA5D9A00857895 /* FIRAnalyticsConnector.framework */; };
		0EAA2C3321BA5D9B00857895 /* FirebaseInstanceID.framework in Frameworks */ = {isa = PBXBuildFile; fileRef = 0EAA2C2B21BA5D9A00857895 /* FirebaseInstanceID.framework */; };
		0EAA2C3421BA5D9B00857895 /* FirebaseCoreDiagnostics.framework in Frameworks */ = {isa = PBXBuildFile; fileRef = 0EAA2C2C21BA5D9A00857895 /* FirebaseCoreDiagnostics.framework */; };
/* End PBXBuildFile section */

/* Begin PBXFileReference section */
		0EAA2BFE21BA553100857895 /* CrashlyticsTest.app */ = {isa = PBXFileReference; explicitFileType = wrapper.application; includeInIndex = 0; path = CrashlyticsTest.app; sourceTree = BUILT_PRODUCTS_DIR; };
		0EAA2C0121BA553100857895 /* AppDelegate.swift */ = {isa = PBXFileReference; lastKnownFileType = sourcecode.swift; path = AppDelegate.swift; sourceTree = "<group>"; };
		0EAA2C0321BA553100857895 /* ViewController.swift */ = {isa = PBXFileReference; lastKnownFileType = sourcecode.swift; path = ViewController.swift; sourceTree = "<group>"; };
		0EAA2C0621BA553100857895 /* Base */ = {isa = PBXFileReference; lastKnownFileType = file.storyboard; name = Base; path = Base.lproj/Main.storyboard; sourceTree = "<group>"; };
		0EAA2C0821BA553300857895 /* Assets.xcassets */ = {isa = PBXFileReference; lastKnownFileType = folder.assetcatalog; path = Assets.xcassets; sourceTree = "<group>"; };
		0EAA2C0B21BA553300857895 /* Base */ = {isa = PBXFileReference; lastKnownFileType = file.storyboard; name = Base; path = Base.lproj/LaunchScreen.storyboard; sourceTree = "<group>"; };
		0EAA2C0D21BA553300857895 /* Info.plist */ = {isa = PBXFileReference; lastKnownFileType = text.plist.xml; path = Info.plist; sourceTree = "<group>"; };
		0EAA2C1B21BA57E000857895 /* Fabric.framework */ = {isa = PBXFileReference; lastKnownFileType = wrapper.framework; path = Fabric.framework; sourceTree = "<group>"; };
		0EAA2C1C21BA57E000857895 /* Crashlytics.framework */ = {isa = PBXFileReference; lastKnownFileType = wrapper.framework; path = Crashlytics.framework; sourceTree = "<group>"; };
		0EAA2C2121BA5B8000857895 /* GoogleService-Info.plist */ = {isa = PBXFileReference; fileEncoding = 4; lastKnownFileType = text.plist.xml; path = "GoogleService-Info.plist"; sourceTree = "<group>"; };
		0EAA2C2521BA5D9A00857895 /* GoogleAppMeasurement.framework */ = {isa = PBXFileReference; lastKnownFileType = wrapper.framework; path = GoogleAppMeasurement.framework; sourceTree = "<group>"; };
		0EAA2C2621BA5D9A00857895 /* FirebaseCore.framework */ = {isa = PBXFileReference; lastKnownFileType = wrapper.framework; path = FirebaseCore.framework; sourceTree = "<group>"; };
		0EAA2C2721BA5D9A00857895 /* FirebaseAnalytics.framework */ = {isa = PBXFileReference; lastKnownFileType = wrapper.framework; path = FirebaseAnalytics.framework; sourceTree = "<group>"; };
		0EAA2C2821BA5D9A00857895 /* GoogleUtilities.framework */ = {isa = PBXFileReference; lastKnownFileType = wrapper.framework; path = GoogleUtilities.framework; sourceTree = "<group>"; };
		0EAA2C2921BA5D9A00857895 /* nanopb.framework */ = {isa = PBXFileReference; lastKnownFileType = wrapper.framework; path = nanopb.framework; sourceTree = "<group>"; };
		0EAA2C2A21BA5D9A00857895 /* FIRAnalyticsConnector.framework */ = {isa = PBXFileReference; lastKnownFileType = wrapper.framework; path = FIRAnalyticsConnector.framework; sourceTree = "<group>"; };
		0EAA2C2B21BA5D9A00857895 /* FirebaseInstanceID.framework */ = {isa = PBXFileReference; lastKnownFileType = wrapper.framework; path = FirebaseInstanceID.framework; sourceTree = "<group>"; };
		0EAA2C2C21BA5D9A00857895 /* FirebaseCoreDiagnostics.framework */ = {isa = PBXFileReference; lastKnownFileType = wrapper.framework; path = FirebaseCoreDiagnostics.framework; sourceTree = "<group>"; };
		0EAA2C3521BA5EB200857895 /* Firebase.h */ = {isa = PBXFileReference; lastKnownFileType = sourcecode.c.h; path = Firebase.h; sourceTree = "<group>"; };
		0EAA2C3921BA5EF900857895 /* Bridging-Header.h */ = {isa = PBXFileReference; lastKnownFileType = sourcecode.c.h; path = "Bridging-Header.h"; sourceTree = "<group>"; };
/* End PBXFileReference section */

/* Begin PBXFrameworksBuildPhase section */
		0EAA2BFB21BA553100857895 /* Frameworks */ = {
			isa = PBXFrameworksBuildPhase;
			buildActionMask = 2147483647;
			files = (
				0EAA2C1E21BA57E000857895 /* Crashlytics.framework in Frameworks */,
				0EAA2C1D21BA57E000857895 /* Fabric.framework in Frameworks */,
				0EAA2C3221BA5D9B00857895 /* FIRAnalyticsConnector.framework in Frameworks */,
				0EAA2C2F21BA5D9B00857895 /* FirebaseAnalytics.framework in Frameworks */,
				0EAA2C2E21BA5D9B00857895 /* FirebaseCore.framework in Frameworks */,
				0EAA2C3421BA5D9B00857895 /* FirebaseCoreDiagnostics.framework in Frameworks */,
				0EAA2C3321BA5D9B00857895 /* FirebaseInstanceID.framework in Frameworks */,
				0EAA2C2D21BA5D9B00857895 /* GoogleAppMeasurement.framework in Frameworks */,
				0EAA2C3021BA5D9B00857895 /* GoogleUtilities.framework in Frameworks */,
				0EAA2C3121BA5D9B00857895 /* nanopb.framework in Frameworks */,
			);
			runOnlyForDeploymentPostprocessing = 0;
		};
/* End PBXFrameworksBuildPhase section */

/* Begin PBXGroup section */
		0EAA2BF521BA553100857895 = {
			isa = PBXGroup;
			children = (
				0EAA2C0021BA553100857895 /* CrashlyticsTest */,
				0EAA2C1A21BA57E000857895 /* Crashlytics */,
				0EAA2C2321BA5D9A00857895 /* Firebase */,
				0EAA2C2021BA5B8000857895 /* Google */,
				0EAA2BFF21BA553100857895 /* Products */,
			);
			sourceTree = "<group>";
			usesTabs = 1;
		};
		0EAA2BFF21BA553100857895 /* Products */ = {
			isa = PBXGroup;
			children = (
				0EAA2BFE21BA553100857895 /* CrashlyticsTest.app */,
			);
			name = Products;
			sourceTree = "<group>";
		};
		0EAA2C0021BA553100857895 /* CrashlyticsTest */ = {
			isa = PBXGroup;
			children = (
				0EAA2C1421BA556C00857895 /* 必須 */,
				0EAA2C1921BA55CE00857895 /* 画面 */,
			);
			path = CrashlyticsTest;
			sourceTree = "<group>";
		};
		0EAA2C1421BA556C00857895 /* 必須 */ = {
			isa = PBXGroup;
			children = (
				0EAA2C0D21BA553300857895 /* Info.plist */,
				0EAA2C0821BA553300857895 /* Assets.xcassets */,
				0EAA2C0A21BA553300857895 /* LaunchScreen.storyboard */,
				0EAA2C0521BA553100857895 /* Main.storyboard */,
				0EAA2C3921BA5EF900857895 /* Bridging-Header.h */,
				0EAA2C0121BA553100857895 /* AppDelegate.swift */,
			);
			name = "必須";
			sourceTree = "<group>";
		};
		0EAA2C1921BA55CE00857895 /* 画面 */ = {
			isa = PBXGroup;
			children = (
				0EAA2C0321BA553100857895 /* ViewController.swift */,
			);
			name = "画面";
			sourceTree = "<group>";
		};
		0EAA2C1A21BA57E000857895 /* Crashlytics */ = {
			isa = PBXGroup;
			children = (
				0EAA2C1C21BA57E000857895 /* Crashlytics.framework */,
				0EAA2C1B21BA57E000857895 /* Fabric.framework */,
			);
			path = Crashlytics;
			sourceTree = "<group>";
		};
		0EAA2C2021BA5B8000857895 /* Google */ = {
			isa = PBXGroup;
			children = (
				0EAA2C2121BA5B8000857895 /* GoogleService-Info.plist */,
			);
			path = Google;
			sourceTree = "<group>";
		};
		0EAA2C2321BA5D9A00857895 /* Firebase */ = {
			isa = PBXGroup;
			children = (
				0EAA2C3521BA5EB200857895 /* Firebase.h */,
				0EAA2C2421BA5D9A00857895 /* Analytics */,
			);
			path = Firebase;
			sourceTree = "<group>";
		};
		0EAA2C2421BA5D9A00857895 /* Analytics */ = {
			isa = PBXGroup;
			children = (
				0EAA2C2A21BA5D9A00857895 /* FIRAnalyticsConnector.framework */,
				0EAA2C2721BA5D9A00857895 /* FirebaseAnalytics.framework */,
				0EAA2C2621BA5D9A00857895 /* FirebaseCore.framework */,
				0EAA2C2C21BA5D9A00857895 /* FirebaseCoreDiagnostics.framework */,
				0EAA2C2B21BA5D9A00857895 /* FirebaseInstanceID.framework */,
				0EAA2C2521BA5D9A00857895 /* GoogleAppMeasurement.framework */,
				0EAA2C2821BA5D9A00857895 /* GoogleUtilities.framework */,
				0EAA2C2921BA5D9A00857895 /* nanopb.framework */,
			);
			path = Analytics;
			sourceTree = "<group>";
		};
/* End PBXGroup section */

/* Begin PBXNativeTarget section */
		0EAA2BFD21BA553100857895 /* CrashlyticsTest */ = {
			isa = PBXNativeTarget;
			buildConfigurationList = 0EAA2C1021BA553300857895 /* Build configuration list for PBXNativeTarget "CrashlyticsTest" */;
			buildPhases = (
				0EAA2BFA21BA553100857895 /* Sources */,
				0EAA2BFB21BA553100857895 /* Frameworks */,
				0EAA2BFC21BA553100857895 /* Resources */,
				0EAA2C1F21BA581000857895 /* Run Script - Crashlytics */,
			);
			buildRules = (
			);
			dependencies = (
			);
			name = CrashlyticsTest;
			productName = CrashlyticsTest;
			productReference = 0EAA2BFE21BA553100857895 /* CrashlyticsTest.app */;
			productType = "com.apple.product-type.application";
		};
/* End PBXNativeTarget section */

/* Begin PBXProject section */
		0EAA2BF621BA553100857895 /* Project object */ = {
			isa = PBXProject;
			attributes = {
				LastSwiftUpdateCheck = 1010;
				LastUpgradeCheck = 1010;
				ORGANIZATIONNAME = "Makoto Yamanaka";
				TargetAttributes = {
					0EAA2BFD21BA553100857895 = {
						CreatedOnToolsVersion = 10.1;
						LastSwiftMigration = 1010;
					};
				};
			};
			buildConfigurationList = 0EAA2BF921BA553100857895 /* Build configuration list for PBXProject "CrashlyticsTest" */;
			compatibilityVersion = "Xcode 10.0";
			developmentRegion = en;
			hasScannedForEncodings = 0;
			knownRegions = (
				en,
				Base,
			);
			mainGroup = 0EAA2BF521BA553100857895;
			productRefGroup = 0EAA2BFF21BA553100857895 /* Products */;
			projectDirPath = "";
			projectRoot = "";
			targets = (
				0EAA2BFD21BA553100857895 /* CrashlyticsTest */,
			);
		};
/* End PBXProject section */

/* Begin PBXResourcesBuildPhase section */
		0EAA2BFC21BA553100857895 /* Resources */ = {
			isa = PBXResourcesBuildPhase;
			buildActionMask = 2147483647;
			files = (
				0EAA2C0921BA553300857895 /* Assets.xcassets in Resources */,
				0EAA2C0C21BA553300857895 /* LaunchScreen.storyboard in Resources */,
				0EAA2C0721BA553100857895 /* Main.storyboard in Resources */,
				0EAA2C2221BA5B8000857895 /* GoogleService-Info.plist in Resources */,
			);
			runOnlyForDeploymentPostprocessing = 0;
		};
/* End PBXResourcesBuildPhase section */

/* Begin PBXShellScriptBuildPhase section */
		0EAA2C1F21BA581000857895 /* Run Script - Crashlytics */ = {
			isa = PBXShellScriptBuildPhase;
			buildActionMask = 2147483647;
			files = (
			);
			inputFileListPaths = (
			);
			inputPaths = (
				"$(BUILT_PRODUCTS_DIR)/$(INFOPLIST_PATH)",
			);
			name = "Run Script - Crashlytics";
			outputFileListPaths = (
			);
			outputPaths = (
			);
			runOnlyForDeploymentPostprocessing = 0;
			shellPath = /bin/sh;
			shellScript = "\"${PROJECT_DIR}/Crashlytics/Fabric.framework/run\"\n";
		};
/* End PBXShellScriptBuildPhase section */

/* Begin PBXSourcesBuildPhase section */
		0EAA2BFA21BA553100857895 /* Sources */ = {
			isa = PBXSourcesBuildPhase;
			buildActionMask = 2147483647;
			files = (
				0EAA2C0421BA553100857895 /* ViewController.swift in Sources */,
				0EAA2C0221BA553100857895 /* AppDelegate.swift in Sources */,
			);
			runOnlyForDeploymentPostprocessing = 0;
		};
/* End PBXSourcesBuildPhase section */

/* Begin PBXVariantGroup section */
		0EAA2C0521BA553100857895 /* Main.storyboard */ = {
			isa = PBXVariantGroup;
			children = (
				0EAA2C0621BA553100857895 /* Base */,
			);
			name = Main.storyboard;
			sourceTree = "<group>";
		};
		0EAA2C0A21BA553300857895 /* LaunchScreen.storyboard */ = {
			isa = PBXVariantGroup;
			children = (
				0EAA2C0B21BA553300857895 /* Base */,
			);
			name = LaunchScreen.storyboard;
			sourceTree = "<group>";
		};
/* End PBXVariantGroup section */

/* Begin XCBuildConfiguration section */
		0EAA2C0E21BA553300857895 /* Debug */ = {
			isa = XCBuildConfiguration;
			buildSettings = {
				ALWAYS_SEARCH_USER_PATHS = NO;
				CLANG_ANALYZER_NONNULL = YES;
				CLANG_ANALYZER_NUMBER_OBJECT_CONVERSION = YES_AGGRESSIVE;
				CLANG_CXX_LANGUAGE_STANDARD = "gnu++14";
				CLANG_CXX_LIBRARY = "libc++";
				CLANG_ENABLE_MODULES = YES;
				CLANG_ENABLE_OBJC_ARC = YES;
				CLANG_ENABLE_OBJC_WEAK = YES;
				CLANG_WARN_BLOCK_CAPTURE_AUTORELEASING = YES;
				CLANG_WARN_BOOL_CONVERSION = YES;
				CLANG_WARN_COMMA = YES;
				CLANG_WARN_CONSTANT_CONVERSION = YES;
				CLANG_WARN_DEPRECATED_OBJC_IMPLEMENTATIONS = YES;
				CLANG_WARN_DIRECT_OBJC_ISA_USAGE = YES_ERROR;
				CLANG_WARN_DOCUMENTATION_COMMENTS = YES;
				CLANG_WARN_EMPTY_BODY = YES;
				CLANG_WARN_ENUM_CONVERSION = YES;
				CLANG_WARN_INFINITE_RECURSION = YES;
				CLANG_WARN_INT_CONVERSION = YES;
				CLANG_WARN_NON_LITERAL_NULL_CONVERSION = YES;
				CLANG_WARN_OBJC_IMPLICIT_RETAIN_SELF = YES;
				CLANG_WARN_OBJC_LITERAL_CONVERSION = YES;
				CLANG_WARN_OBJC_ROOT_CLASS = YES_ERROR;
				CLANG_WARN_RANGE_LOOP_ANALYSIS = YES;
				CLANG_WARN_STRICT_PROTOTYPES = YES;
				CLANG_WARN_SUSPICIOUS_MOVE = YES;
				CLANG_WARN_UNGUARDED_AVAILABILITY = YES_AGGRESSIVE;
				CLANG_WARN_UNREACHABLE_CODE = YES;
				CLANG_WARN__DUPLICATE_METHOD_MATCH = YES;
				CODE_SIGN_IDENTITY = "iPhone Developer";
				COPY_PHASE_STRIP = NO;
				DEBUG_INFORMATION_FORMAT = dwarf;
				ENABLE_STRICT_OBJC_MSGSEND = YES;
				ENABLE_TESTABILITY = YES;
				GCC_C_LANGUAGE_STANDARD = gnu11;
				GCC_DYNAMIC_NO_PIC = NO;
				GCC_NO_COMMON_BLOCKS = YES;
				GCC_OPTIMIZATION_LEVEL = 0;
				GCC_PREPROCESSOR_DEFINITIONS = (
					"DEBUG=1",
					"$(inherited)",
				);
				GCC_WARN_64_TO_32_BIT_CONVERSION = YES;
				GCC_WARN_ABOUT_RETURN_TYPE = YES_ERROR;
				GCC_WARN_UNDECLARED_SELECTOR = YES;
				GCC_WARN_UNINITIALIZED_AUTOS = YES_AGGRESSIVE;
				GCC_WARN_UNUSED_FUNCTION = YES;
				GCC_WARN_UNUSED_VARIABLE = YES;
				IPHONEOS_DEPLOYMENT_TARGET = 10.0;
				MTL_ENABLE_DEBUG_INFO = INCLUDE_SOURCE;
				MTL_FAST_MATH = YES;
				ONLY_ACTIVE_ARCH = YES;
				SDKROOT = iphoneos;
				SWIFT_ACTIVE_COMPILATION_CONDITIONS = DEBUG;
				SWIFT_OPTIMIZATION_LEVEL = "-Onone";
			};
			name = Debug;
		};
		0EAA2C0F21BA553300857895 /* Release */ = {
			isa = XCBuildConfiguration;
			buildSettings = {
				ALWAYS_SEARCH_USER_PATHS = NO;
				CLANG_ANALYZER_NONNULL = YES;
				CLANG_ANALYZER_NUMBER_OBJECT_CONVERSION = YES_AGGRESSIVE;
				CLANG_CXX_LANGUAGE_STANDARD = "gnu++14";
				CLANG_CXX_LIBRARY = "libc++";
				CLANG_ENABLE_MODULES = YES;
				CLANG_ENABLE_OBJC_ARC = YES;
				CLANG_ENABLE_OBJC_WEAK = YES;
				CLANG_WARN_BLOCK_CAPTURE_AUTORELEASING = YES;
				CLANG_WARN_BOOL_CONVERSION = YES;
				CLANG_WARN_COMMA = YES;
				CLANG_WARN_CONSTANT_CONVERSION = YES;
				CLANG_WARN_DEPRECATED_OBJC_IMPLEMENTATIONS = YES;
				CLANG_WARN_DIRECT_OBJC_ISA_USAGE = YES_ERROR;
				CLANG_WARN_DOCUMENTATION_COMMENTS = YES;
				CLANG_WARN_EMPTY_BODY = YES;
				CLANG_WARN_ENUM_CONVERSION = YES;
				CLANG_WARN_INFINITE_RECURSION = YES;
				CLANG_WARN_INT_CONVERSION = YES;
				CLANG_WARN_NON_LITERAL_NULL_CONVERSION = YES;
				CLANG_WARN_OBJC_IMPLICIT_RETAIN_SELF = YES;
				CLANG_WARN_OBJC_LITERAL_CONVERSION = YES;
				CLANG_WARN_OBJC_ROOT_CLASS = YES_ERROR;
				CLANG_WARN_RANGE_LOOP_ANALYSIS = YES;
				CLANG_WARN_STRICT_PROTOTYPES = YES;
				CLANG_WARN_SUSPICIOUS_MOVE = YES;
				CLANG_WARN_UNGUARDED_AVAILABILITY = YES_AGGRESSIVE;
				CLANG_WARN_UNREACHABLE_CODE = YES;
				CLANG_WARN__DUPLICATE_METHOD_MATCH = YES;
				CODE_SIGN_IDENTITY = "iPhone Developer";
				COPY_PHASE_STRIP = NO;
				DEBUG_INFORMATION_FORMAT = "dwarf-with-dsym";
				ENABLE_NS_ASSERTIONS = NO;
				ENABLE_STRICT_OBJC_MSGSEND = YES;
				GCC_C_LANGUAGE_STANDARD = gnu11;
				GCC_NO_COMMON_BLOCKS = YES;
				GCC_WARN_64_TO_32_BIT_CONVERSION = YES;
				GCC_WARN_ABOUT_RETURN_TYPE = YES_ERROR;
				GCC_WARN_UNDECLARED_SELECTOR = YES;
				GCC_WARN_UNINITIALIZED_AUTOS = YES_AGGRESSIVE;
				GCC_WARN_UNUSED_FUNCTION = YES;
				GCC_WARN_UNUSED_VARIABLE = YES;
				IPHONEOS_DEPLOYMENT_TARGET = 10.0;
				MTL_ENABLE_DEBUG_INFO = NO;
				MTL_FAST_MATH = YES;
				SDKROOT = iphoneos;
				SWIFT_COMPILATION_MODE = wholemodule;
				SWIFT_OPTIMIZATION_LEVEL = "-O";
				VALIDATE_PRODUCT = YES;
			};
			name = Release;
		};
		0EAA2C1121BA553300857895 /* Debug */ = {
			isa = XCBuildConfiguration;
			buildSettings = {
				ASSETCATALOG_COMPILER_APPICON_NAME = AppIcon;
				CLANG_ENABLE_MODULES = YES;
				CODE_SIGN_STYLE = Manual;
				DEBUG_INFORMATION_FORMAT = "dwarf-with-dsym";
				DEVELOPMENT_TEAM = 3TF8L5Q29R;
				FRAMEWORK_SEARCH_PATHS = (
					"$(inherited)",
					"$(PROJECT_DIR)/Crashlytics",
					"$(PROJECT_DIR)/Firebase/**",
				);
				INFOPLIST_FILE = CrashlyticsTest/Info.plist;
				LD_RUNPATH_SEARCH_PATHS = (
					"$(inherited)",
					"@executable_path/Frameworks",
				);
				OTHER_LDFLAGS = "-ObjC";
				PRODUCT_BUNDLE_IDENTIFIER = "Makoto-Yamanaka.CrashlyticsTest";
				PRODUCT_NAME = "$(TARGET_NAME)";
				PROVISIONING_PROFILE_SPECIFIER = MY_WildCard_Develop;
				SWIFT_OBJC_BRIDGING_HEADER = "CrashlyticsTest/Bridging-Header.h";
				SWIFT_OPTIMIZATION_LEVEL = "-Onone";
				SWIFT_VERSION = 4.2;
				TARGETED_DEVICE_FAMILY = "1,2";
			};
			name = Debug;
		};
		0EAA2C1221BA553300857895 /* Release */ = {
			isa = XCBuildConfiguration;
			buildSettings = {
				ASSETCATALOG_COMPILER_APPICON_NAME = AppIcon;
				CLANG_ENABLE_MODULES = YES;
				CODE_SIGN_IDENTITY = "iPhone Distribution";
				CODE_SIGN_STYLE = Manual;
				DEVELOPMENT_TEAM = 3TF8L5Q29R;
				FRAMEWORK_SEARCH_PATHS = (
					"$(inherited)",
					"$(PROJECT_DIR)/Crashlytics",
					"$(PROJECT_DIR)/Firebase/**",
				);
				INFOPLIST_FILE = CrashlyticsTest/Info.plist;
				LD_RUNPATH_SEARCH_PATHS = (
					"$(inherited)",
					"@executable_path/Frameworks",
				);
				OTHER_LDFLAGS = "-ObjC";
				PRODUCT_BUNDLE_IDENTIFIER = "Makoto-Yamanaka.CrashlyticsTest";
				PRODUCT_NAME = "$(TARGET_NAME)";
				PROVISIONING_PROFILE_SPECIFIER = MY_WildCard_AdHoc;
				SWIFT_OBJC_BRIDGING_HEADER = "CrashlyticsTest/Bridging-Header.h";
				SWIFT_VERSION = 4.2;
				TARGETED_DEVICE_FAMILY = "1,2";
			};
			name = Release;
		};
/* End XCBuildConfiguration section */

/* Begin XCConfigurationList section */
		0EAA2BF921BA553100857895 /* Build configuration list for PBXProject "CrashlyticsTest" */ = {
			isa = XCConfigurationList;
			buildConfigurations = (
				0EAA2C0E21BA553300857895 /* Debug */,
				0EAA2C0F21BA553300857895 /* Release */,
			);
			defaultConfigurationIsVisible = 0;
			defaultConfigurationName = Release;
		};
		0EAA2C1021BA553300857895 /* Build configuration list for PBXNativeTarget "CrashlyticsTest" */ = {
			isa = XCConfigurationList;
			buildConfigurations = (
				0EAA2C1121BA553300857895 /* Debug */,
				0EAA2C1221BA553300857895 /* Release */,
			);
			defaultConfigurationIsVisible = 0;
			defaultConfigurationName = Release;
		};
/* End XCConfigurationList section */
	};
	rootObject = 0EAA2BF621BA553100857895 /* Project object */;
}
